
Microsoft Visual Studio Solution File, Format Version 12.00
# Visual Studio 15
VisualStudioVersion = 15.0.28010.2050
MinimumVisualStudioVersion = 10.0.40219.1
Project("{FAE04EC0-301F-11D3-BF4B-00C04F79EFBC}") = "IRSRobotView2", "IRSRobotView2\IRSRobotView2.csproj", "{82C03DCA-D4F9-433A-A658-5448FAE2B7F1}"
EndProject
Global
	GlobalSection(SolutionConfigurationPlatforms) = preSolution
		Debug|Any CPU = Debug|Any CPU
		Release|Any CPU = Release|Any CPU
	EndGlobalSection
	GlobalSection(ProjectConfigurationPlatforms) = postSolution
		{82C03DCA-D4F9-433A-A658-5448FAE2B7F1}.Debug|Any CPU.ActiveCfg = Debug|Any CPU
		{82C03DCA-D4F9-433A-A658-5448FAE2B7F1}.Debug|Any CPU.Build.0 = Debug|Any CPU
		{82C03DCA-D4F9-433A-A658-5448FAE2B7F1}.Release|Any CPU.ActiveCfg = Release|Any CPU
		{82C03DCA-D4F9-433A-A658-5448FAE2B7F1}.Release|Any CPU.Build.0 = Release|Any CPU
	EndGlobalSection
	GlobalSection(SolutionProperties) = preSolution
		HideSolutionNode = FALSE
	EndGlobalSection
	GlobalSection(ExtensibilityGlobals) = postSolution
		SolutionGuid = {F1B98B34-9AB8-4414-BF73-608E22C0A305}
	EndGlobalSection
EndGlobal
